# This file is autogenerated, do not edit; changes may be undone by the next 'dep ensure'.


[[projects]]
  branch = "master"
  digest = "1:f1a2f8ae93252ae697e751141903dd1ba9841439e6458982e9af9bea72c58e56"
  name = "github.com/manyminds/gosfml"
  packages = ["."]
  pruneopts = "UT"
  revision = "9dbf5ee7f8d2d09a50c31bbefa0b2484b019455a"

[solve-meta]
  analyzer-name = "dep"
  analyzer-version = 1
  input-imports = ["github.com/manyminds/gosfml"]
  solver-name = "gps-cdcl"
  solver-version = 1
