# This file is autogenerated, do not edit; changes may be undone by the next 'dep ensure'.


[[projects]]
  digest = "1:0856aee62460df19f84b2e34b180ed1a068195aa8edf7064aedaf89a1fb49a60"
  name = "gopkg.in/teh-cmc/go-sfml.v24"
  packages = [
    "graphics",
    "window",
  ]
  pruneopts = "UT"
  revision = "372cfe28f3e755aaa1894b689bab4e80585f5ae3"
  version = "v24"

[solve-meta]
  analyzer-name = "dep"
  analyzer-version = 1
  input-imports = [
    "gopkg.in/teh-cmc/go-sfml.v24/graphics",
    "gopkg.in/teh-cmc/go-sfml.v24/window",
  ]
  solver-name = "gps-cdcl"
  solver-version = 1
