# This file is autogenerated, do not edit; changes may be undone by the next 'dep ensure'.


[[projects]]
  digest = "1:182557eb22c40addfcaae259b21d89a677ad5dfacc1efa1089a90ab4abd632be"
  name = "github.com/veandco/go-sdl2"
  packages = [
    "gfx",
    "sdl",
  ]
  pruneopts = "UT"
  revision = "e1267dc212621f5ec25c38f98fb9c304c0295cbf"
  version = "v0.4.1"

[solve-meta]
  analyzer-name = "dep"
  analyzer-version = 1
  input-imports = ["github.com/veandco/go-sdl2/gfx"]
  solver-name = "gps-cdcl"
  solver-version = 1
